
Microsoft Visual Studio Solution File, Format Version 12.00
# Visual Studio Version 16
VisualStudioVersion = 16.0.31313.79
MinimumVisualStudioVersion = 10.0.40219.1
Project("{888888A0-9F3D-457C-B088-3A5042F75D52}") = "ArtForCovidRelief", "ArtForCovidRelief.pyproj", "{633430AB-7104-4DC0-974F-AAB6565D1C91}"
EndProject
Global
	GlobalSection(SolutionConfigurationPlatforms) = preSolution
		Debug|Any CPU = Debug|Any CPU
		Release|Any CPU = Release|Any CPU
	EndGlobalSection
	GlobalSection(ProjectConfigurationPlatforms) = postSolution
		{633430AB-7104-4DC0-974F-AAB6565D1C91}.Debug|Any CPU.ActiveCfg = Debug|Any CPU
		{633430AB-7104-4DC0-974F-AAB6565D1C91}.Debug|Any CPU.Build.0 = Debug|Any CPU
		{633430AB-7104-4DC0-974F-AAB6565D1C91}.Release|Any CPU.ActiveCfg = Release|Any CPU
		{633430AB-7104-4DC0-974F-AAB6565D1C91}.Release|Any CPU.Build.0 = Release|Any CPU
	EndGlobalSection
	GlobalSection(SolutionProperties) = preSolution
		HideSolutionNode = FALSE
	EndGlobalSection
	GlobalSection(ExtensibilityGlobals) = postSolution
		SolutionGuid = {2C5CD0AE-9509-44AC-B21D-01190F2E5A8D}
	EndGlobalSection
EndGlobal
